
Microsoft Visual Studio Solution File, Format Version 12.00
# Visual Studio Version 16
VisualStudioVersion = 16.0.31321.278
MinimumVisualStudioVersion = 10.0.40219.1
Project("{2150E333-8FDC-42A3-9474-1A3956D46DE8}") = "2. Services", "2. Services", "{0BD0CB8D-B9E0-4166-97C2-F89244A00FA9}"
EndProject
Project("{2150E333-8FDC-42A3-9474-1A3956D46DE8}") = "3. .Transversal", "3. .Transversal", "{F4DF5E6E-97F0-4FA5-BBDC-4613C2D86173}"
EndProject
Project("{9A19103F-16F7-4668-BE54-9A1E7A4F7556}") = "Prod.Api", "Prod.Api\Prod.Api.csproj", "{49773ED4-90E5-41E1-9CA6-033316F050F3}"
EndProject
Project("{2150E333-8FDC-42A3-9474-1A3956D46DE8}") = "4. MapDB", "4. MapDB", "{A863AD9D-9679-4262-A2D6-26AC1D5256E2}"
EndProject
Project("{9A19103F-16F7-4668-BE54-9A1E7A4F7556}") = "Prod.Data", "Prod.Data\Prod.Data.csproj", "{756EC74C-A910-4F9B-A605-26F19C6B314D}"
EndProject
Project("{9A19103F-16F7-4668-BE54-9A1E7A4F7556}") = "Prod.Entities", "Prod.Entities\Prod.Entities.csproj", "{F3D8917E-87CD-4C1D-AC97-1A05C681E041}"
EndProject
Global
	GlobalSection(SolutionConfigurationPlatforms) = preSolution
		Debug|Any CPU = Debug|Any CPU
		Release|Any CPU = Release|Any CPU
	EndGlobalSection
	GlobalSection(ProjectConfigurationPlatforms) = postSolution
		{49773ED4-90E5-41E1-9CA6-033316F050F3}.Debug|Any CPU.ActiveCfg = Debug|Any CPU
		{49773ED4-90E5-41E1-9CA6-033316F050F3}.Debug|Any CPU.Build.0 = Debug|Any CPU
		{49773ED4-90E5-41E1-9CA6-033316F050F3}.Release|Any CPU.ActiveCfg = Release|Any CPU
		{49773ED4-90E5-41E1-9CA6-033316F050F3}.Release|Any CPU.Build.0 = Release|Any CPU
		{756EC74C-A910-4F9B-A605-26F19C6B314D}.Debug|Any CPU.ActiveCfg = Debug|Any CPU
		{756EC74C-A910-4F9B-A605-26F19C6B314D}.Debug|Any CPU.Build.0 = Debug|Any CPU
		{756EC74C-A910-4F9B-A605-26F19C6B314D}.Release|Any CPU.ActiveCfg = Release|Any CPU
		{756EC74C-A910-4F9B-A605-26F19C6B314D}.Release|Any CPU.Build.0 = Release|Any CPU
		{F3D8917E-87CD-4C1D-AC97-1A05C681E041}.Debug|Any CPU.ActiveCfg = Debug|Any CPU
		{F3D8917E-87CD-4C1D-AC97-1A05C681E041}.Debug|Any CPU.Build.0 = Debug|Any CPU
		{F3D8917E-87CD-4C1D-AC97-1A05C681E041}.Release|Any CPU.ActiveCfg = Release|Any CPU
		{F3D8917E-87CD-4C1D-AC97-1A05C681E041}.Release|Any CPU.Build.0 = Release|Any CPU
	EndGlobalSection
	GlobalSection(SolutionProperties) = preSolution
		HideSolutionNode = FALSE
	EndGlobalSection
	GlobalSection(NestedProjects) = preSolution
		{49773ED4-90E5-41E1-9CA6-033316F050F3} = {0BD0CB8D-B9E0-4166-97C2-F89244A00FA9}
		{756EC74C-A910-4F9B-A605-26F19C6B314D} = {A863AD9D-9679-4262-A2D6-26AC1D5256E2}
		{F3D8917E-87CD-4C1D-AC97-1A05C681E041} = {F4DF5E6E-97F0-4FA5-BBDC-4613C2D86173}
	EndGlobalSection
	GlobalSection(ExtensibilityGlobals) = postSolution
		SolutionGuid = {86F4EA69-5034-4531-BFE9-8A4DE763EE39}
	EndGlobalSection
EndGlobal
